
Microsoft Visual Studio Solution File, Format Version 12.00
# Visual Studio Version 17
VisualStudioVersion = 17.1.32407.343
MinimumVisualStudioVersion = 10.0.40219.1
Project("{FAE04EC0-301F-11D3-BF4B-00C04F79EFBC}") = "Uts", "Uts\Uts.csproj", "{F961840C-B4CE-41F2-BE64-B078F8EE005C}"
EndProject
Global
	GlobalSection(SolutionConfigurationPlatforms) = preSolution
		Debug|Any CPU = Debug|Any CPU
		Release|Any CPU = Release|Any CPU
	EndGlobalSection
	GlobalSection(ProjectConfigurationPlatforms) = postSolution
		{F961840C-B4CE-41F2-BE64-B078F8EE005C}.Debug|Any CPU.ActiveCfg = Debug|Any CPU
		{F961840C-B4CE-41F2-BE64-B078F8EE005C}.Debug|Any CPU.Build.0 = Debug|Any CPU
		{F961840C-B4CE-41F2-BE64-B078F8EE005C}.Release|Any CPU.ActiveCfg = Release|Any CPU
		{F961840C-B4CE-41F2-BE64-B078F8EE005C}.Release|Any CPU.Build.0 = Release|Any CPU
	EndGlobalSection
	GlobalSection(SolutionProperties) = preSolution
		HideSolutionNode = FALSE
	EndGlobalSection
	GlobalSection(ExtensibilityGlobals) = postSolution
		SolutionGuid = {0C4B7A69-82B0-4733-9464-0232CB421916}
	EndGlobalSection
EndGlobal
